{
  "name": "nodeshout-koffi",
  "version": "2.0.0",
  "lockfileVersion": 2,
  "requires": true,
  "packages": {
    "": {
      "name": "nodeshout-koffi",
      "version": "2.0.0",
      "license": "MIT",
      "dependencies": {
        "koffi": "^2.11.0"
      }
    },
    "node_modules/koffi": {
      "version": "2.11.0",
      "resolved": "https://registry.npmjs.org/koffi/-/koffi-2.11.0.tgz",
      "integrity": "sha512-AJ6MHz9Z8OIftKu322jrKJFvy/rZTdCD4b7F457WrK71rxYV7O5PSdWsJDN0p3rY1BZaPeLHVwyt4i2Xyk8wJg==",
      "hasInstallScript": true,
      "license": "MIT"
    }
  },
  "dependencies": {
    "koffi": {
      "version": "2.11.0",
      "resolved": "https://registry.npmjs.org/koffi/-/koffi-2.11.0.tgz",
      "integrity": "sha512-AJ6MHz9Z8OIftKu322jrKJFvy/rZTdCD4b7F457WrK71rxYV7O5PSdWsJDN0p3rY1BZaPeLHVwyt4i2Xyk8wJg=="
    }
  }
}
